<Solution>
  <Folder Name="/src/">
    <Project Path="src/ProposalManagement.Api/ProposalManagement.Api.csproj" />
    <Project Path="src/ProposalManagement.Application/ProposalManagement.Application.csproj" />
    <Project Path="src/ProposalManagement.Domain/ProposalManagement.Domain.csproj" />
    <Project Path="src/ProposalManagement.Infrastructure/ProposalManagement.Infrastructure.csproj" />
  </Folder>
</Solution>
